Microsoft Visual Studio Solution File, Format Version 12.00
# Visual Studio 2012
Project("{FAE04EC0-301F-11D3-BF4B-00C04F79EFBC}") = "MenuExample", "MenuExample\MenuExample.csproj", "{DF667B3D-0882-4C6D-A930-AA1C73B1EF70}"
EndProject
Global
	GlobalSection(SolutionConfigurationPlatforms) = preSolution
		Debug|Any CPU = Debug|Any CPU
		Release|Any CPU = Release|Any CPU
	EndGlobalSection
	GlobalSection(ProjectConfigurationPlatforms) = postSolution
		{DF667B3D-0882-4C6D-A930-AA1C73B1EF70}.Debug|Any CPU.ActiveCfg = Debug|Any CPU
		{DF667B3D-0882-4C6D-A930-AA1C73B1EF70}.Debug|Any CPU.Build.0 = Debug|Any CPU
		{DF667B3D-0882-4C6D-A930-AA1C73B1EF70}.Release|Any CPU.ActiveCfg = Release|Any CPU
		{DF667B3D-0882-4C6D-A930-AA1C73B1EF70}.Release|Any CPU.Build.0 = Release|Any CPU
	EndGlobalSection
	GlobalSection(SolutionProperties) = preSolution
		HideSolutionNode = FALSE
	EndGlobalSection
EndGlobal
